// !$*UTF8*$!
{
	archiveVersion = 1;
	classes = {
	};
	objectVersion = 46;
	objects = {

/* Begin PBXBuildFile section */
		7A14F5941CB6ED9B00778760 /* AppDelegate.swift in Sources */ = {isa = PBXBuildFile; fileRef = 7A14F5931CB6ED9B00778760 /* AppDelegate.swift */; };
		7A14F5961CB6ED9B00778760 /* ViewController.swift in Sources */ = {isa = PBXBuildFile; fileRef = 7A14F5951CB6ED9B00778760 /* ViewController.swift */; };
		7A14F5991CB6ED9B00778760 /* Main.storyboard in Resources */ = {isa = PBXBuildFile; fileRef = 7A14F5971CB6ED9B00778760 /* Main.storyboard */; };
		7A14F59B1CB6ED9B00778760 /* Assets.xcassets in Resources */ = {isa = PBXBuildFile; fileRef = 7A14F59A1CB6ED9B00778760 /* Assets.xcassets */; };
		7A14F59E1CB6ED9B00778760 /* LaunchScreen.storyboard in Resources */ = {isa = PBXBuildFile; fileRef = 7A14F59C1CB6ED9B00778760 /* LaunchScreen.storyboard */; };
/* End PBXBuildFile section */

/* Begin PBXFileReference section */
		7A14F5901CB6ED9B00778760 /* SnakeGame.app */ = {isa = PBXFileReference; explicitFileType = wrapper.application; includeInIndex = 0; path = SnakeGame.app; sourceTree = BUILT_PRODUCTS_DIR; };
		7A14F5931CB6ED9B00778760 /* AppDelegate.swift */ = {isa = PBXFileReference; lastKnownFileType = sourcecode.swift; path = AppDelegate.swift; sourceTree = "<group>"; };
		7A14F5951CB6ED9B00778760 /* ViewController.swift */ = {isa = PBXFileReference; lastKnownFileType = sourcecode.swift; path = ViewController.swift; sourceTree = "<group>"; };
		7A14F5981CB6ED9B00778760 /* Base */ = {isa = PBXFileReference; lastKnownFileType = file.storyboard; name = Base; path = Base.lproj/Main.storyboard; sourceTree = "<group>"; };
		7A14F59A1CB6ED9B00778760 /* Assets.xcassets */ = {isa = PBXFileReference; lastKnownFileType = folder.assetcatalog; path = Assets.xcassets; sourceTree = "<group>"; };
		7A14F59D1CB6ED9B00778760 /* Base */ = {isa = PBXFileReference; lastKnownFileType = file.storyboard; name = Base; path = Base.lproj/LaunchScreen.storyboard; sourceTree = "<group>"; };
		7A14F59F1CB6ED9B00778760 /* Info.plist */ = {isa = PBXFileReference; lastKnownFileType = text.plist.xml; path = Info.plist; sourceTree = "<group>"; };
/* End PBXFileReference section */

/* Begin PBXFrameworksBuildPhase section */
		7A14F58D1CB6ED9B00778760 /* Frameworks */ = {
			isa = PBXFrameworksBuildPhase;
			buildActionMask = 2147483647;
			files = (
			);
			runOnlyForDeploymentPostprocessing = 0;
		};
/* End PBXFrameworksBuildPhase section */

/* Begin PBXGroup section */
		7A14F5871CB6ED9B00778760 = {
			isa = PBXGroup;
			children = (
				7A14F5921CB6ED9B00778760 /* SnakeGame */,
				7A14F5911CB6ED9B00778760 /* Products */,
			);
			sourceTree = "<group>";
		};
		7A14F5911CB6ED9B00778760 /* Products */ = {
			isa = PBXGroup;
			children = (
				7A14F5901CB6ED9B00778760 /* SnakeGame.app */,
			);
			name = Products;
			sourceTree = "<group>";
		};
		7A14F5921CB6ED9B00778760 /* SnakeGame */ = {
			isa = PBXGroup;
			children = (
				7A14F5931CB6ED9B00778760 /* AppDelegate.swift */,
				7A14F5951CB6ED9B00778760 /* ViewController.swift */,
				7A14F5971CB6ED9B00778760 /* Main.storyboard */,
				7A14F59A1CB6ED9B00778760 /* Assets.xcassets */,
				7A14F59C1CB6ED9B00778760 /* LaunchScreen.storyboard */,
				7A14F59F1CB6ED9B00778760 /* Info.plist */,
			);
			path = SnakeGame;
			sourceTree = "<group>";
		};
/* End PBXGroup section */

/* Begin PBXNativeTarget section */
		7A14F58F1CB6ED9B00778760 /* SnakeGame */ = {
			isa = PBXNativeTarget;
			buildConfigurationList = 7A14F5A21CB6ED9B00778760 /* Build configuration list for PBXNativeTarget "SnakeGame" */;
			buildPhases = (
				7A14F58C1CB6ED9B00778760 /* Sources */,
				7A14F58D1CB6ED9B00778760 /* Frameworks */,
				7A14F58E1CB6ED9B00778760 /* Resources */,
			);
			buildRules = (
			);
			dependencies = (
			);
			name = SnakeGame;
			productName = SnakeGame;
			productReference = 7A14F5901CB6ED9B00778760 /* SnakeGame.app */;
			productType = "com.apple.product-type.application";
		};
/* End PBXNativeTarget section */

/* Begin PBXProject section */
		7A14F5881CB6ED9B00778760 /* Project object */ = {
			isa = PBXProject;
			attributes = {
				LastSwiftUpdateCheck = 0730;
				LastUpgradeCheck = 0730;
				ORGANIZATIONNAME = "Axel Nowaczyk";
				TargetAttributes = {
					7A14F58F1CB6ED9B00778760 = {
						CreatedOnToolsVersion = 7.3;
					};
				};
			};
			buildConfigurationList = 7A14F58B1CB6ED9B00778760 /* Build configuration list for PBXProject "SnakeGame" */;
			compatibilityVersion = "Xcode 3.2";
			developmentRegion = English;
			hasScannedForEncodings = 0;
			knownRegions = (
				en,
				Base,
			);
			mainGroup = 7A14F5871CB6ED9B00778760;
			productRefGroup = 7A14F5911CB6ED9B00778760 /* Products */;
			projectDirPath = "";
			projectRoot = "";
			targets = (
				7A14F58F1CB6ED9B00778760 /* SnakeGame */,
			);
		};
/* End PBXProject section */

/* Begin PBXResourcesBuildPhase section */
		7A14F58E1CB6ED9B00778760 /* Resources */ = {
			isa = PBXResourcesBuildPhase;
			buildActionMask = 2147483647;
			files = (
				7A14F59E1CB6ED9B00778760 /* LaunchScreen.storyboard in Resources */,
				7A14F59B1CB6ED9B00778760 /* Assets.xcassets in Resources */,
				7A14F5991CB6ED9B00778760 /* Main.storyboard in Resources */,
			);
			runOnlyForDeploymentPostprocessing = 0;
		};
/* End PBXResourcesBuildPhase section */

/* Begin PBXSourcesBuildPhase section */
		7A14F58C1CB6ED9B00778760 /* Sources */ = {
			isa = PBXSourcesBuildPhase;
			buildActionMask = 2147483647;
			files = (
				7A14F5961CB6ED9B00778760 /* ViewController.swift in Sources */,
				7A14F5941CB6ED9B00778760 /* AppDelegate.swift in Sources */,
			);
			runOnlyForDeploymentPostprocessing = 0;
		};
/* End PBXSourcesBuildPhase section */

/* Begin PBXVariantGroup section */
		7A14F5971CB6ED9B00778760 /* Main.storyboard */ = {
			isa = PBXVariantGroup;
			children = (
				7A14F5981CB6ED9B00778760 /* Base */,
			);
			name = Main.storyboard;
			sourceTree = "<group>";
		};
		7A14F59C1CB6ED9B00778760 /* LaunchScreen.storyboard */ = {
			isa = PBXVariantGroup;
			children = (
				7A14F59D1CB6ED9B00778760 /* Base */,
			);
			name = LaunchScreen.storyboard;
			sourceTree = "<group>";
		};
/* End PBXVariantGroup section */

/* Begin XCBuildConfiguration section */
		7A14F5A01CB6ED9B00778760 /* Debug */ = {
			isa = XCBuildConfiguration;
			buildSettings = {
				ALWAYS_SEARCH_USER_PATHS = NO;
				CLANG_ANALYZER_NONNULL = YES;
				CLANG_CXX_LANGUAGE_STANDARD = "gnu++0x";
				CLANG_CXX_LIBRARY = "libc++";
				CLANG_ENABLE_MODULES = YES;
				CLANG_ENABLE_OBJC_ARC = YES;
				CLANG_WARN_BOOL_CONVERSION = YES;
				CLANG_WARN_CONSTANT_CONVERSION = YES;
				CLANG_WARN_DIRECT_OBJC_ISA_USAGE = YES_ERROR;
				CLANG_WARN_EMPTY_BODY = YES;
				CLANG_WARN_ENUM_CONVERSION = YES;
				CLANG_WARN_INT_CONVERSION = YES;
				CLANG_WARN_OBJC_ROOT_CLASS = YES_ERROR;
				CLANG_WARN_UNREACHABLE_CODE = YES;
				CLANG_WARN__DUPLICATE_METHOD_MATCH = YES;
				"CODE_SIGN_IDENTITY[sdk=iphoneos*]" = "iPhone Developer";
				COPY_PHASE_STRIP = NO;
				DEBUG_INFORMATION_FORMAT = dwarf;
				ENABLE_STRICT_OBJC_MSGSEND = YES;
				ENABLE_TESTABILITY = YES;
				GCC_C_LANGUAGE_STANDARD = gnu99;
				GCC_DYNAMIC_NO_PIC = NO;
				GCC_NO_COMMON_BLOCKS = YES;
				GCC_OPTIMIZATION_LEVEL = 0;
				GCC_PREPROCESSOR_DEFINITIONS = (
					"DEBUG=1",
					"$(inherited)",
				);
				GCC_WARN_64_TO_32_BIT_CONVERSION = YES;
				GCC_WARN_ABOUT_RETURN_TYPE = YES_ERROR;
				GCC_WARN_UNDECLARED_SELECTOR = YES;
				GCC_WARN_UNINITIALIZED_AUTOS = YES_AGGRESSIVE;
				GCC_WARN_UNUSED_FUNCTION = YES;
				GCC_WARN_UNUSED_VARIABLE = YES;
				IPHONEOS_DEPLOYMENT_TARGET = 9.3;
				MTL_ENABLE_DEBUG_INFO = YES;
				ONLY_ACTIVE_ARCH = YES;
				SDKROOT = iphoneos;
				SWIFT_OPTIMIZATION_LEVEL = "-Onone";
			};
			name = Debug;
		};
		7A14F5A11CB6ED9B00778760 /* Release */ = {
			isa = XCBuildConfiguration;
			buildSettings = {
				ALWAYS_SEARCH_USER_PATHS = NO;
				CLANG_ANALYZER_NONNULL = YES;
				CLANG_CXX_LANGUAGE_STANDARD = "gnu++0x";
				CLANG_CXX_LIBRARY = "libc++";
				CLANG_ENABLE_MODULES = YES;
				CLANG_ENABLE_OBJC_ARC = YES;
				CLANG_WARN_BOOL_CONVERSION = YES;
				CLANG_WARN_CONSTANT_CONVERSION = YES;
				CLANG_WARN_DIRECT_OBJC_ISA_USAGE = YES_ERROR;
				CLANG_WARN_EMPTY_BODY = YES;
				CLANG_WARN_ENUM_CONVERSION = YES;
				CLANG_WARN_INT_CONVERSION = YES;
				CLANG_WARN_OBJC_ROOT_CLASS = YES_ERROR;
				CLANG_WARN_UNREACHABLE_CODE = YES;
				CLANG_WARN__DUPLICATE_METHOD_MATCH = YES;
				"CODE_SIGN_IDENTITY[sdk=iphoneos*]" = "iPhone Developer";
				COPY_PHASE_STRIP = NO;
				DEBUG_INFORMATION_FORMAT = "dwarf-with-dsym";
				ENABLE_NS_ASSERTIONS = NO;
				ENABLE_STRICT_OBJC_MSGSEND = YES;
				GCC_C_LANGUAGE_STANDARD = gnu99;
				GCC_NO_COMMON_BLOCKS = YES;
				GCC_WARN_64_TO_32_BIT_CONVERSION = YES;
				GCC_WARN_ABOUT_RETURN_TYPE = YES_ERROR;
				GCC_WARN_UNDECLARED_SELECTOR = YES;
				GCC_WARN_UNINITIALIZED_AUTOS = YES_AGGRESSIVE;
				GCC_WARN_UNUSED_FUNCTION = YES;
				GCC_WARN_UNUSED_VARIABLE = YES;
				IPHONEOS_DEPLOYMENT_TARGET = 9.3;
				MTL_ENABLE_DEBUG_INFO = NO;
				SDKROOT = iphoneos;
				VALIDATE_PRODUCT = YES;
			};
			name = Release;
		};
		7A14F5A31CB6ED9B00778760 /* Debug */ = {
			isa = XCBuildConfiguration;
			buildSettings = {
				ASSETCATALOG_COMPILER_APPICON_NAME = AppIcon;
				INFOPLIST_FILE = SnakeGame/Info.plist;
				LD_RUNPATH_SEARCH_PATHS = "$(inherited) @executable_path/Frameworks";
				PRODUCT_BUNDLE_IDENTIFIER = com.axlpl.SnakeGame;
				PRODUCT_NAME = "$(TARGET_NAME)";
			};
			name = Debug;
		};
		7A14F5A41CB6ED9B00778760 /* Release */ = {
			isa = XCBuildConfiguration;
			buildSettings = {
				ASSETCATALOG_COMPILER_APPICON_NAME = AppIcon;
				INFOPLIST_FILE = SnakeGame/Info.plist;
				LD_RUNPATH_SEARCH_PATHS = "$(inherited) @executable_path/Frameworks";
				PRODUCT_BUNDLE_IDENTIFIER = com.axlpl.SnakeGame;
				PRODUCT_NAME = "$(TARGET_NAME)";
			};
			name = Release;
		};
/* End XCBuildConfiguration section */

/* Begin XCConfigurationList section */
		7A14F58B1CB6ED9B00778760 /* Build configuration list for PBXProject "SnakeGame" */ = {
			isa = XCConfigurationList;
			buildConfigurations = (
				7A14F5A01CB6ED9B00778760 /* Debug */,
				7A14F5A11CB6ED9B00778760 /* Release */,
			);
			defaultConfigurationIsVisible = 0;
			defaultConfigurationName = Release;
		};
		7A14F5A21CB6ED9B00778760 /* Build configuration list for PBXNativeTarget "SnakeGame" */ = {
			isa = XCConfigurationList;
			buildConfigurations = (
				7A14F5A31CB6ED9B00778760 /* Debug */,
				7A14F5A41CB6ED9B00778760 /* Release */,
			);
			defaultConfigurationIsVisible = 0;
		};
/* End XCConfigurationList section */
	};
	rootObject = 7A14F5881CB6ED9B00778760 /* Project object */;
}
